// !$*UTF8*$!
{
	archiveVersion = 1;
	classes = {
	};
	objectVersion = 46;
	objects = {

/* Begin PBXBuildFile section */
		AF215403189441DE005C41D3 /* Foundation.framework in Frameworks */ = {isa = PBXBuildFile; fileRef = AF215402189441DE005C41D3 /* Foundation.framework */; };
		AF215405189441DE005C41D3 /* CoreGraphics.framework in Frameworks */ = {isa = PBXBuildFile; fileRef = AF215404189441DE005C41D3 /* CoreGraphics.framework */; };
		AF215407189441DE005C41D3 /* UIKit.framework in Frameworks */ = {isa = PBXBuildFile; fileRef = AF215406189441DE005C41D3 /* UIKit.framework */; };
		AF21540D189441DE005C41D3 /* InfoPlist.strings in Resources */ = {isa = PBXBuildFile; fileRef = AF21540B189441DE005C41D3 /* InfoPlist.strings */; };
		AF21540F189441DE005C41D3 /* main.m in Sources */ = {isa = PBXBuildFile; fileRef = AF21540E189441DE005C41D3 /* main.m */; };
		AF215413189441DE005C41D3 /* SWAppDelegate.m in Sources */ = {isa = PBXBuildFile; fileRef = AF215412189441DE005C41D3 /* SWAppDelegate.m */; };
		AF21541E189441DE005C41D3 /* Images.xcassets in Resources */ = {isa = PBXBuildFile; fileRef = AF21541D189441DE005C41D3 /* Images.xcassets */; };
		AF215425189441DE005C41D3 /* XCTest.framework in Frameworks */ = {isa = PBXBuildFile; fileRef = AF215424189441DE005C41D3 /* XCTest.framework */; };
		AF215426189441DE005C41D3 /* Foundation.framework in Frameworks */ = {isa = PBXBuildFile; fileRef = AF215402189441DE005C41D3 /* Foundation.framework */; };
		AF215427189441DE005C41D3 /* UIKit.framework in Frameworks */ = {isa = PBXBuildFile; fileRef = AF215406189441DE005C41D3 /* UIKit.framework */; };
		AF21542F189441DF005C41D3 /* InfoPlist.strings in Resources */ = {isa = PBXBuildFile; fileRef = AF21542D189441DF005C41D3 /* InfoPlist.strings */; };
		AF215431189441DF005C41D3 /* MoneyLaunderingTests.m in Sources */ = {isa = PBXBuildFile; fileRef = AF215430189441DF005C41D3 /* MoneyLaunderingTests.m */; };
		AF21543D189447F4005C41D3 /* SWMainViewController.m in Sources */ = {isa = PBXBuildFile; fileRef = AF21543B189447F4005C41D3 /* SWMainViewController.m */; };
		AF21543E189447F4005C41D3 /* SWMainViewController.xib in Resources */ = {isa = PBXBuildFile; fileRef = AF21543C189447F4005C41D3 /* SWMainViewController.xib */; };
		AF67257D18947233003322CC /* CoreBluetooth.framework in Frameworks */ = {isa = PBXBuildFile; fileRef = AF67257C18947233003322CC /* CoreBluetooth.framework */; };
		AF672583189472EE003322CC /* SWBTLEPeripheral.m in Sources */ = {isa = PBXBuildFile; fileRef = AF672582189472EE003322CC /* SWBTLEPeripheral.m */; };
		AF7C17AC1894A82600A20650 /* SWHistoryViewController.m in Sources */ = {isa = PBXBuildFile; fileRef = AF7C17AA1894A82600A20650 /* SWHistoryViewController.m */; };
		AF7C17AD1894A82600A20650 /* SWHistoryViewController.xib in Resources */ = {isa = PBXBuildFile; fileRef = AF7C17AB1894A82600A20650 /* SWHistoryViewController.xib */; };
		AF7C17B11894D88600A20650 /* SWLoginViewController.m in Sources */ = {isa = PBXBuildFile; fileRef = AF7C17AF1894D88600A20650 /* SWLoginViewController.m */; };
		AF7C17B21894D88600A20650 /* SWLoginViewController.xib in Resources */ = {isa = PBXBuildFile; fileRef = AF7C17B01894D88600A20650 /* SWLoginViewController.xib */; };
		AF7C17B41894DB0900A20650 /* login.png in Resources */ = {isa = PBXBuildFile; fileRef = AF7C17B31894DB0900A20650 /* login.png */; };
		AF7C17B81895813E00A20650 /* background.png in Resources */ = {isa = PBXBuildFile; fileRef = AF7C17B71895813E00A20650 /* background.png */; };
		AF7C17BE189592D400A20650 /* logo.png in Resources */ = {isa = PBXBuildFile; fileRef = AF7C17BD189592D400A20650 /* logo.png */; };
		AF7C17C51895A64800A20650 /* SCActivityManager.m in Sources */ = {isa = PBXBuildFile; fileRef = AF7C17C41895A64800A20650 /* SCActivityManager.m */; };
		AF7C17C91895B7C600A20650 /* Start_button.png in Resources */ = {isa = PBXBuildFile; fileRef = AF7C17C81895B7C600A20650 /* Start_button.png */; };
		AF7C17CC1895B98300A20650 /* UIColor+Utils.m in Sources */ = {isa = PBXBuildFile; fileRef = AF7C17CB1895B98300A20650 /* UIColor+Utils.m */; };
		AF7C17CE1895C4DD00A20650 /* icon120.png in Resources */ = {isa = PBXBuildFile; fileRef = AF7C17CD1895C4DD00A20650 /* icon120.png */; };
		AFB6646F189456DC006C097E /* WindowsAzureMobileServices.framework in Frameworks */ = {isa = PBXBuildFile; fileRef = AFB6646E189456DC006C097E /* WindowsAzureMobileServices.framework */; };
/* End PBXBuildFile section */

/* Begin PBXContainerItemProxy section */
		AF215428189441DE005C41D3 /* PBXContainerItemProxy */ = {
			isa = PBXContainerItemProxy;
			containerPortal = AF2153F7189441DD005C41D3 /* Project object */;
			proxyType = 1;
			remoteGlobalIDString = AF2153FE189441DE005C41D3;
			remoteInfo = MoneyLaundering;
		};
/* End PBXContainerItemProxy section */

/* Begin PBXFileReference section */
		AF2153FF189441DE005C41D3 /* MoneyLaundering.app */ = {isa = PBXFileReference; explicitFileType = wrapper.application; includeInIndex = 0; path = MoneyLaundering.app; sourceTree = BUILT_PRODUCTS_DIR; };
		AF215402189441DE005C41D3 /* Foundation.framework */ = {isa = PBXFileReference; lastKnownFileType = wrapper.framework; name = Foundation.framework; path = System/Library/Frameworks/Foundation.framework; sourceTree = SDKROOT; };
		AF215404189441DE005C41D3 /* CoreGraphics.framework */ = {isa = PBXFileReference; lastKnownFileType = wrapper.framework; name = CoreGraphics.framework; path = System/Library/Frameworks/CoreGraphics.framework; sourceTree = SDKROOT; };
		AF215406189441DE005C41D3 /* UIKit.framework */ = {isa = PBXFileReference; lastKnownFileType = wrapper.framework; name = UIKit.framework; path = System/Library/Frameworks/UIKit.framework; sourceTree = SDKROOT; };
		AF21540A189441DE005C41D3 /* MoneyLaundering-Info.plist */ = {isa = PBXFileReference; lastKnownFileType = text.plist.xml; path = "MoneyLaundering-Info.plist"; sourceTree = "<group>"; };
		AF21540C189441DE005C41D3 /* en */ = {isa = PBXFileReference; lastKnownFileType = text.plist.strings; name = en; path = en.lproj/InfoPlist.strings; sourceTree = "<group>"; };
		AF21540E189441DE005C41D3 /* main.m */ = {isa = PBXFileReference; lastKnownFileType = sourcecode.c.objc; path = main.m; sourceTree = "<group>"; };
		AF215410189441DE005C41D3 /* MoneyLaundering-Prefix.pch */ = {isa = PBXFileReference; lastKnownFileType = sourcecode.c.h; path = "MoneyLaundering-Prefix.pch"; sourceTree = "<group>"; };
		AF215411189441DE005C41D3 /* SWAppDelegate.h */ = {isa = PBXFileReference; lastKnownFileType = sourcecode.c.h; path = SWAppDelegate.h; sourceTree = "<group>"; };
		AF215412189441DE005C41D3 /* SWAppDelegate.m */ = {isa = PBXFileReference; lastKnownFileType = sourcecode.c.objc; path = SWAppDelegate.m; sourceTree = "<group>"; };
		AF21541D189441DE005C41D3 /* Images.xcassets */ = {isa = PBXFileReference; lastKnownFileType = folder.assetcatalog; path = Images.xcassets; sourceTree = "<group>"; };
		AF215423189441DE005C41D3 /* MoneyLaunderingTests.xctest */ = {isa = PBXFileReference; explicitFileType = wrapper.cfbundle; includeInIndex = 0; path = MoneyLaunderingTests.xctest; sourceTree = BUILT_PRODUCTS_DIR; };
		AF215424189441DE005C41D3 /* XCTest.framework */ = {isa = PBXFileReference; lastKnownFileType = wrapper.framework; name = XCTest.framework; path = Library/Frameworks/XCTest.framework; sourceTree = DEVELOPER_DIR; };
		AF21542C189441DF005C41D3 /* MoneyLaunderingTests-Info.plist */ = {isa = PBXFileReference; lastKnownFileType = text.plist.xml; path = "MoneyLaunderingTests-Info.plist"; sourceTree = "<group>"; };
		AF21542E189441DF005C41D3 /* en */ = {isa = PBXFileReference; lastKnownFileType = text.plist.strings; name = en; path = en.lproj/InfoPlist.strings; sourceTree = "<group>"; };
		AF215430189441DF005C41D3 /* MoneyLaunderingTests.m */ = {isa = PBXFileReference; lastKnownFileType = sourcecode.c.objc; path = MoneyLaunderingTests.m; sourceTree = "<group>"; };
		AF21543A189447F4005C41D3 /* SWMainViewController.h */ = {isa = PBXFileReference; fileEncoding = 4; lastKnownFileType = sourcecode.c.h; path = SWMainViewController.h; sourceTree = "<group>"; };
		AF21543B189447F4005C41D3 /* SWMainViewController.m */ = {isa = PBXFileReference; fileEncoding = 4; lastKnownFileType = sourcecode.c.objc; path = SWMainViewController.m; sourceTree = "<group>"; };
		AF21543C189447F4005C41D3 /* SWMainViewController.xib */ = {isa = PBXFileReference; fileEncoding = 4; lastKnownFileType = file.xib; path = SWMainViewController.xib; sourceTree = "<group>"; };
		AF67257C18947233003322CC /* CoreBluetooth.framework */ = {isa = PBXFileReference; lastKnownFileType = wrapper.framework; name = CoreBluetooth.framework; path = System/Library/Frameworks/CoreBluetooth.framework; sourceTree = SDKROOT; };
		AF672581189472EE003322CC /* SWBTLEPeripheral.h */ = {isa = PBXFileReference; fileEncoding = 4; lastKnownFileType = sourcecode.c.h; path = SWBTLEPeripheral.h; sourceTree = "<group>"; };
		AF672582189472EE003322CC /* SWBTLEPeripheral.m */ = {isa = PBXFileReference; fileEncoding = 4; lastKnownFileType = sourcecode.c.objc; path = SWBTLEPeripheral.m; sourceTree = "<group>"; };
		AF672584189473A3003322CC /* TransferService.h */ = {isa = PBXFileReference; lastKnownFileType = sourcecode.c.h; path = TransferService.h; sourceTree = "<group>"; };
		AF7C17A91894A82600A20650 /* SWHistoryViewController.h */ = {isa = PBXFileReference; fileEncoding = 4; lastKnownFileType = sourcecode.c.h; path = SWHistoryViewController.h; sourceTree = "<group>"; };
		AF7C17AA1894A82600A20650 /* SWHistoryViewController.m */ = {isa = PBXFileReference; fileEncoding = 4; lastKnownFileType = sourcecode.c.objc; path = SWHistoryViewController.m; sourceTree = "<group>"; };
		AF7C17AB1894A82600A20650 /* SWHistoryViewController.xib */ = {isa = PBXFileReference; fileEncoding = 4; lastKnownFileType = file.xib; path = SWHistoryViewController.xib; sourceTree = "<group>"; };
		AF7C17AE1894D88600A20650 /* SWLoginViewController.h */ = {isa = PBXFileReference; fileEncoding = 4; lastKnownFileType = sourcecode.c.h; path = SWLoginViewController.h; sourceTree = "<group>"; };
		AF7C17AF1894D88600A20650 /* SWLoginViewController.m */ = {isa = PBXFileReference; fileEncoding = 4; lastKnownFileType = sourcecode.c.objc; path = SWLoginViewController.m; sourceTree = "<group>"; };
		AF7C17B01894D88600A20650 /* SWLoginViewController.xib */ = {isa = PBXFileReference; fileEncoding = 4; lastKnownFileType = file.xib; path = SWLoginViewController.xib; sourceTree = "<group>"; };
		AF7C17B31894DB0900A20650 /* login.png */ = {isa = PBXFileReference; lastKnownFileType = image.png; path = login.png; sourceTree = "<group>"; };
		AF7C17B71895813E00A20650 /* background.png */ = {isa = PBXFileReference; lastKnownFileType = image.png; path = background.png; sourceTree = "<group>"; };
		AF7C17BD189592D400A20650 /* logo.png */ = {isa = PBXFileReference; lastKnownFileType = image.png; path = logo.png; sourceTree = "<group>"; };
		AF7C17C31895A64800A20650 /* SCActivityManager.h */ = {isa = PBXFileReference; fileEncoding = 4; lastKnownFileType = sourcecode.c.h; path = SCActivityManager.h; sourceTree = "<group>"; };
		AF7C17C41895A64800A20650 /* SCActivityManager.m */ = {isa = PBXFileReference; fileEncoding = 4; lastKnownFileType = sourcecode.c.objc; path = SCActivityManager.m; sourceTree = "<group>"; };
		AF7C17C81895B7C600A20650 /* Start_button.png */ = {isa = PBXFileReference; lastKnownFileType = image.png; path = Start_button.png; sourceTree = "<group>"; };
		AF7C17CA1895B98300A20650 /* UIColor+Utils.h */ = {isa = PBXFileReference; fileEncoding = 4; lastKnownFileType = sourcecode.c.h; path = "UIColor+Utils.h"; sourceTree = "<group>"; };
		AF7C17CB1895B98300A20650 /* UIColor+Utils.m */ = {isa = PBXFileReference; fileEncoding = 4; lastKnownFileType = sourcecode.c.objc; path = "UIColor+Utils.m"; sourceTree = "<group>"; };
		AF7C17CD1895C4DD00A20650 /* icon120.png */ = {isa = PBXFileReference; lastKnownFileType = image.png; path = icon120.png; sourceTree = "<group>"; };
		AFB6646C18944FF5006C097E /* libiconv.2.4.0.dylib */ = {isa = PBXFileReference; lastKnownFileType = "compiled.mach-o.dylib"; name = libiconv.2.4.0.dylib; path = usr/lib/libiconv.2.4.0.dylib; sourceTree = SDKROOT; };
		AFB6646E189456DC006C097E /* WindowsAzureMobileServices.framework */ = {isa = PBXFileReference; lastKnownFileType = wrapper.framework; path = WindowsAzureMobileServices.framework; sourceTree = "<group>"; };
		AFB6647018945D65006C097E /* GameKit.framework */ = {isa = PBXFileReference; lastKnownFileType = wrapper.framework; name = GameKit.framework; path = System/Library/Frameworks/GameKit.framework; sourceTree = SDKROOT; };
/* End PBXFileReference section */

/* Begin PBXFrameworksBuildPhase section */
		AF2153FC189441DE005C41D3 /* Frameworks */ = {
			isa = PBXFrameworksBuildPhase;
			buildActionMask = 2147483647;
			files = (
				AF67257D18947233003322CC /* CoreBluetooth.framework in Frameworks */,
				AFB6646F189456DC006C097E /* WindowsAzureMobileServices.framework in Frameworks */,
				AF215405189441DE005C41D3 /* CoreGraphics.framework in Frameworks */,
				AF215407189441DE005C41D3 /* UIKit.framework in Frameworks */,
				AF215403189441DE005C41D3 /* Foundation.framework in Frameworks */,
			);
			runOnlyForDeploymentPostprocessing = 0;
		};
		AF215420189441DE005C41D3 /* Frameworks */ = {
			isa = PBXFrameworksBuildPhase;
			buildActionMask = 2147483647;
			files = (
				AF215425189441DE005C41D3 /* XCTest.framework in Frameworks */,
				AF215427189441DE005C41D3 /* UIKit.framework in Frameworks */,
				AF215426189441DE005C41D3 /* Foundation.framework in Frameworks */,
			);
			runOnlyForDeploymentPostprocessing = 0;
		};
/* End PBXFrameworksBuildPhase section */

/* Begin PBXGroup section */
		AF2153F6189441DD005C41D3 = {
			isa = PBXGroup;
			children = (
				AF215408189441DE005C41D3 /* MoneyLaundering */,
				AF21542A189441DF005C41D3 /* MoneyLaunderingTests */,
				AF215401189441DE005C41D3 /* Frameworks */,
				AF215400189441DE005C41D3 /* Products */,
			);
			sourceTree = "<group>";
		};
		AF215400189441DE005C41D3 /* Products */ = {
			isa = PBXGroup;
			children = (
				AF2153FF189441DE005C41D3 /* MoneyLaundering.app */,
				AF215423189441DE005C41D3 /* MoneyLaunderingTests.xctest */,
			);
			name = Products;
			sourceTree = "<group>";
		};
		AF215401189441DE005C41D3 /* Frameworks */ = {
			isa = PBXGroup;
			children = (
				AF67257C18947233003322CC /* CoreBluetooth.framework */,
				AFB6647018945D65006C097E /* GameKit.framework */,
				AFB6646E189456DC006C097E /* WindowsAzureMobileServices.framework */,
				AFB6646C18944FF5006C097E /* libiconv.2.4.0.dylib */,
				AF215402189441DE005C41D3 /* Foundation.framework */,
				AF215404189441DE005C41D3 /* CoreGraphics.framework */,
				AF215406189441DE005C41D3 /* UIKit.framework */,
				AF215424189441DE005C41D3 /* XCTest.framework */,
			);
			name = Frameworks;
			sourceTree = "<group>";
		};
		AF215408189441DE005C41D3 /* MoneyLaundering */ = {
			isa = PBXGroup;
			children = (
				AF7C17CD1895C4DD00A20650 /* icon120.png */,
				AF7C17CA1895B98300A20650 /* UIColor+Utils.h */,
				AF7C17CB1895B98300A20650 /* UIColor+Utils.m */,
				AF7C17C81895B7C600A20650 /* Start_button.png */,
				AF7C17BD189592D400A20650 /* logo.png */,
				AF7C17B71895813E00A20650 /* background.png */,
				AF7C17B31894DB0900A20650 /* login.png */,
				AF215411189441DE005C41D3 /* SWAppDelegate.h */,
				AF215412189441DE005C41D3 /* SWAppDelegate.m */,
				AF21541D189441DE005C41D3 /* Images.xcassets */,
				AF21543A189447F4005C41D3 /* SWMainViewController.h */,
				AF21543B189447F4005C41D3 /* SWMainViewController.m */,
				AF21543C189447F4005C41D3 /* SWMainViewController.xib */,
				AF215409189441DE005C41D3 /* Supporting Files */,
				AF7C17C31895A64800A20650 /* SCActivityManager.h */,
				AF7C17C41895A64800A20650 /* SCActivityManager.m */,
				AF672581189472EE003322CC /* SWBTLEPeripheral.h */,
				AF672582189472EE003322CC /* SWBTLEPeripheral.m */,
				AF672584189473A3003322CC /* TransferService.h */,
				AF7C17A91894A82600A20650 /* SWHistoryViewController.h */,
				AF7C17AA1894A82600A20650 /* SWHistoryViewController.m */,
				AF7C17AB1894A82600A20650 /* SWHistoryViewController.xib */,
				AF7C17AE1894D88600A20650 /* SWLoginViewController.h */,
				AF7C17AF1894D88600A20650 /* SWLoginViewController.m */,
				AF7C17B01894D88600A20650 /* SWLoginViewController.xib */,
			);
			path = MoneyLaundering;
			sourceTree = "<group>";
		};
		AF215409189441DE005C41D3 /* Supporting Files */ = {
			isa = PBXGroup;
			children = (
				AF21540A189441DE005C41D3 /* MoneyLaundering-Info.plist */,
				AF21540B189441DE005C41D3 /* InfoPlist.strings */,
				AF21540E189441DE005C41D3 /* main.m */,
				AF215410189441DE005C41D3 /* MoneyLaundering-Prefix.pch */,
			);
			name = "Supporting Files";
			sourceTree = "<group>";
		};
		AF21542A189441DF005C41D3 /* MoneyLaunderingTests */ = {
			isa = PBXGroup;
			children = (
				AF215430189441DF005C41D3 /* MoneyLaunderingTests.m */,
				AF21542B189441DF005C41D3 /* Supporting Files */,
			);
			path = MoneyLaunderingTests;
			sourceTree = "<group>";
		};
		AF21542B189441DF005C41D3 /* Supporting Files */ = {
			isa = PBXGroup;
			children = (
				AF21542C189441DF005C41D3 /* MoneyLaunderingTests-Info.plist */,
				AF21542D189441DF005C41D3 /* InfoPlist.strings */,
			);
			name = "Supporting Files";
			sourceTree = "<group>";
		};
/* End PBXGroup section */

/* Begin PBXNativeTarget section */
		AF2153FE189441DE005C41D3 /* MoneyLaundering */ = {
			isa = PBXNativeTarget;
			buildConfigurationList = AF215434189441DF005C41D3 /* Build configuration list for PBXNativeTarget "MoneyLaundering" */;
			buildPhases = (
				AF2153FB189441DE005C41D3 /* Sources */,
				AF2153FC189441DE005C41D3 /* Frameworks */,
				AF2153FD189441DE005C41D3 /* Resources */,
			);
			buildRules = (
			);
			dependencies = (
			);
			name = MoneyLaundering;
			productName = MoneyLaundering;
			productReference = AF2153FF189441DE005C41D3 /* MoneyLaundering.app */;
			productType = "com.apple.product-type.application";
		};
		AF215422189441DE005C41D3 /* MoneyLaunderingTests */ = {
			isa = PBXNativeTarget;
			buildConfigurationList = AF215437189441DF005C41D3 /* Build configuration list for PBXNativeTarget "MoneyLaunderingTests" */;
			buildPhases = (
				AF21541F189441DE005C41D3 /* Sources */,
				AF215420189441DE005C41D3 /* Frameworks */,
				AF215421189441DE005C41D3 /* Resources */,
			);
			buildRules = (
			);
			dependencies = (
				AF215429189441DE005C41D3 /* PBXTargetDependency */,
			);
			name = MoneyLaunderingTests;
			productName = MoneyLaunderingTests;
			productReference = AF215423189441DE005C41D3 /* MoneyLaunderingTests.xctest */;
			productType = "com.apple.product-type.bundle.unit-test";
		};
/* End PBXNativeTarget section */

/* Begin PBXProject section */
		AF2153F7189441DD005C41D3 /* Project object */ = {
			isa = PBXProject;
			attributes = {
				CLASSPREFIX = SW;
				LastUpgradeCheck = 0500;
				ORGANIZATIONNAME = sweuroseattle;
				TargetAttributes = {
					AF215422189441DE005C41D3 = {
						TestTargetID = AF2153FE189441DE005C41D3;
					};
				};
			};
			buildConfigurationList = AF2153FA189441DD005C41D3 /* Build configuration list for PBXProject "MoneyLaundering" */;
			compatibilityVersion = "Xcode 3.2";
			developmentRegion = English;
			hasScannedForEncodings = 0;
			knownRegions = (
				en,
				Base,
			);
			mainGroup = AF2153F6189441DD005C41D3;
			productRefGroup = AF215400189441DE005C41D3 /* Products */;
			projectDirPath = "";
			projectRoot = "";
			targets = (
				AF2153FE189441DE005C41D3 /* MoneyLaundering */,
				AF215422189441DE005C41D3 /* MoneyLaunderingTests */,
			);
		};
/* End PBXProject section */

/* Begin PBXResourcesBuildPhase section */
		AF2153FD189441DE005C41D3 /* Resources */ = {
			isa = PBXResourcesBuildPhase;
			buildActionMask = 2147483647;
			files = (
				AF21541E189441DE005C41D3 /* Images.xcassets in Resources */,
				AF7C17B41894DB0900A20650 /* login.png in Resources */,
				AF7C17B81895813E00A20650 /* background.png in Resources */,
				AF21543E189447F4005C41D3 /* SWMainViewController.xib in Resources */,
				AF7C17BE189592D400A20650 /* logo.png in Resources */,
				AF21540D189441DE005C41D3 /* InfoPlist.strings in Resources */,
				AF7C17CE1895C4DD00A20650 /* icon120.png in Resources */,
				AF7C17C91895B7C600A20650 /* Start_button.png in Resources */,
				AF7C17B21894D88600A20650 /* SWLoginViewController.xib in Resources */,
				AF7C17AD1894A82600A20650 /* SWHistoryViewController.xib in Resources */,
			);
			runOnlyForDeploymentPostprocessing = 0;
		};
		AF215421189441DE005C41D3 /* Resources */ = {
			isa = PBXResourcesBuildPhase;
			buildActionMask = 2147483647;
			files = (
				AF21542F189441DF005C41D3 /* InfoPlist.strings in Resources */,
			);
			runOnlyForDeploymentPostprocessing = 0;
		};
/* End PBXResourcesBuildPhase section */

/* Begin PBXSourcesBuildPhase section */
		AF2153FB189441DE005C41D3 /* Sources */ = {
			isa = PBXSourcesBuildPhase;
			buildActionMask = 2147483647;
			files = (
				AF21543D189447F4005C41D3 /* SWMainViewController.m in Sources */,
				AF7C17AC1894A82600A20650 /* SWHistoryViewController.m in Sources */,
				AF215413189441DE005C41D3 /* SWAppDelegate.m in Sources */,
				AF7C17CC1895B98300A20650 /* UIColor+Utils.m in Sources */,
				AF672583189472EE003322CC /* SWBTLEPeripheral.m in Sources */,
				AF7C17B11894D88600A20650 /* SWLoginViewController.m in Sources */,
				AF7C17C51895A64800A20650 /* SCActivityManager.m in Sources */,
				AF21540F189441DE005C41D3 /* main.m in Sources */,
			);
			runOnlyForDeploymentPostprocessing = 0;
		};
		AF21541F189441DE005C41D3 /* Sources */ = {
			isa = PBXSourcesBuildPhase;
			buildActionMask = 2147483647;
			files = (
				AF215431189441DF005C41D3 /* MoneyLaunderingTests.m in Sources */,
			);
			runOnlyForDeploymentPostprocessing = 0;
		};
/* End PBXSourcesBuildPhase section */

/* Begin PBXTargetDependency section */
		AF215429189441DE005C41D3 /* PBXTargetDependency */ = {
			isa = PBXTargetDependency;
			target = AF2153FE189441DE005C41D3 /* MoneyLaundering */;
			targetProxy = AF215428189441DE005C41D3 /* PBXContainerItemProxy */;
		};
/* End PBXTargetDependency section */

/* Begin PBXVariantGroup section */
		AF21540B189441DE005C41D3 /* InfoPlist.strings */ = {
			isa = PBXVariantGroup;
			children = (
				AF21540C189441DE005C41D3 /* en */,
			);
			name = InfoPlist.strings;
			sourceTree = "<group>";
		};
		AF21542D189441DF005C41D3 /* InfoPlist.strings */ = {
			isa = PBXVariantGroup;
			children = (
				AF21542E189441DF005C41D3 /* en */,
			);
			name = InfoPlist.strings;
			sourceTree = "<group>";
		};
/* End PBXVariantGroup section */

/* Begin XCBuildConfiguration section */
		AF215432189441DF005C41D3 /* Debug */ = {
			isa = XCBuildConfiguration;
			buildSettings = {
				ALWAYS_SEARCH_USER_PATHS = NO;
				ARCHS = "$(ARCHS_STANDARD_INCLUDING_64_BIT)";
				CLANG_CXX_LANGUAGE_STANDARD = "gnu++0x";
				CLANG_CXX_LIBRARY = "libc++";
				CLANG_ENABLE_MODULES = YES;
				CLANG_ENABLE_OBJC_ARC = YES;
				CLANG_WARN_BOOL_CONVERSION = YES;
				CLANG_WARN_CONSTANT_CONVERSION = YES;
				CLANG_WARN_DIRECT_OBJC_ISA_USAGE = YES_ERROR;
				CLANG_WARN_EMPTY_BODY = YES;
				CLANG_WARN_ENUM_CONVERSION = YES;
				CLANG_WARN_INT_CONVERSION = YES;
				CLANG_WARN_OBJC_ROOT_CLASS = YES_ERROR;
				CLANG_WARN__DUPLICATE_METHOD_MATCH = YES;
				"CODE_SIGN_IDENTITY[sdk=iphoneos*]" = "iPhone Developer";
				COPY_PHASE_STRIP = NO;
				GCC_C_LANGUAGE_STANDARD = gnu99;
				GCC_DYNAMIC_NO_PIC = NO;
				GCC_OPTIMIZATION_LEVEL = 0;
				GCC_PREPROCESSOR_DEFINITIONS = (
					"DEBUG=1",
					"$(inherited)",
				);
				GCC_SYMBOLS_PRIVATE_EXTERN = NO;
				GCC_WARN_64_TO_32_BIT_CONVERSION = YES;
				GCC_WARN_ABOUT_RETURN_TYPE = YES_ERROR;
				GCC_WARN_UNDECLARED_SELECTOR = YES;
				GCC_WARN_UNINITIALIZED_AUTOS = YES;
				GCC_WARN_UNUSED_FUNCTION = YES;
				GCC_WARN_UNUSED_VARIABLE = YES;
				IPHONEOS_DEPLOYMENT_TARGET = 7.0;
				ONLY_ACTIVE_ARCH = YES;
				SDKROOT = iphoneos;
				TARGETED_DEVICE_FAMILY = "1,2";
			};
			name = Debug;
		};
		AF215433189441DF005C41D3 /* Release */ = {
			isa = XCBuildConfiguration;
			buildSettings = {
				ALWAYS_SEARCH_USER_PATHS = NO;
				ARCHS = "$(ARCHS_STANDARD_INCLUDING_64_BIT)";
				CLANG_CXX_LANGUAGE_STANDARD = "gnu++0x";
				CLANG_CXX_LIBRARY = "libc++";
				CLANG_ENABLE_MODULES = YES;
				CLANG_ENABLE_OBJC_ARC = YES;
				CLANG_WARN_BOOL_CONVERSION = YES;
				CLANG_WARN_CONSTANT_CONVERSION = YES;
				CLANG_WARN_DIRECT_OBJC_ISA_USAGE = YES_ERROR;
				CLANG_WARN_EMPTY_BODY = YES;
				CLANG_WARN_ENUM_CONVERSION = YES;
				CLANG_WARN_INT_CONVERSION = YES;
				CLANG_WARN_OBJC_ROOT_CLASS = YES_ERROR;
				CLANG_WARN__DUPLICATE_METHOD_MATCH = YES;
				"CODE_SIGN_IDENTITY[sdk=iphoneos*]" = "iPhone Developer";
				COPY_PHASE_STRIP = YES;
				ENABLE_NS_ASSERTIONS = NO;
				GCC_C_LANGUAGE_STANDARD = gnu99;
				GCC_WARN_64_TO_32_BIT_CONVERSION = YES;
				GCC_WARN_ABOUT_RETURN_TYPE = YES_ERROR;
				GCC_WARN_UNDECLARED_SELECTOR = YES;
				GCC_WARN_UNINITIALIZED_AUTOS = YES;
				GCC_WARN_UNUSED_FUNCTION = YES;
				GCC_WARN_UNUSED_VARIABLE = YES;
				IPHONEOS_DEPLOYMENT_TARGET = 7.0;
				SDKROOT = iphoneos;
				TARGETED_DEVICE_FAMILY = "1,2";
				VALIDATE_PRODUCT = YES;
			};
			name = Release;
		};
		AF215435189441DF005C41D3 /* Debug */ = {
			isa = XCBuildConfiguration;
			buildSettings = {
				ASSETCATALOG_COMPILER_LAUNCHIMAGE_NAME = LaunchImage;
				FRAMEWORK_SEARCH_PATHS = (
					"$(inherited)",
					/Users/Qbiki3/Documents/MoneyLoundering/trunk/iOS/MoneyLaundering,
				);
				GCC_PRECOMPILE_PREFIX_HEADER = YES;
				GCC_PREFIX_HEADER = "MoneyLaundering/MoneyLaundering-Prefix.pch";
				INFOPLIST_FILE = "MoneyLaundering/MoneyLaundering-Info.plist";
				LIBRARY_SEARCH_PATHS = (
					"$(inherited)",
					/Users/Qbiki3/Documents/MoneyLoundering/trunk/iOS/MoneyLaundering/SQLClient,
				);
				PRODUCT_NAME = "$(TARGET_NAME)";
				WRAPPER_EXTENSION = app;
			};
			name = Debug;
		};
		AF215436189441DF005C41D3 /* Release */ = {
			isa = XCBuildConfiguration;
			buildSettings = {
				ASSETCATALOG_COMPILER_LAUNCHIMAGE_NAME = LaunchImage;
				FRAMEWORK_SEARCH_PATHS = (
					"$(inherited)",
					/Users/Qbiki3/Documents/MoneyLoundering/trunk/iOS/MoneyLaundering,
				);
				GCC_PRECOMPILE_PREFIX_HEADER = YES;
				GCC_PREFIX_HEADER = "MoneyLaundering/MoneyLaundering-Prefix.pch";
				INFOPLIST_FILE = "MoneyLaundering/MoneyLaundering-Info.plist";
				LIBRARY_SEARCH_PATHS = (
					"$(inherited)",
					/Users/Qbiki3/Documents/MoneyLoundering/trunk/iOS/MoneyLaundering/SQLClient,
				);
				PRODUCT_NAME = "$(TARGET_NAME)";
				WRAPPER_EXTENSION = app;
			};
			name = Release;
		};
		AF215438189441DF005C41D3 /* Debug */ = {
			isa = XCBuildConfiguration;
			buildSettings = {
				ARCHS = "$(ARCHS_STANDARD_INCLUDING_64_BIT)";
				BUNDLE_LOADER = "$(BUILT_PRODUCTS_DIR)/MoneyLaundering.app/MoneyLaundering";
				FRAMEWORK_SEARCH_PATHS = (
					"$(SDKROOT)/Developer/Library/Frameworks",
					"$(inherited)",
					"$(DEVELOPER_FRAMEWORKS_DIR)",
				);
				GCC_PRECOMPILE_PREFIX_HEADER = YES;
				GCC_PREFIX_HEADER = "MoneyLaundering/MoneyLaundering-Prefix.pch";
				GCC_PREPROCESSOR_DEFINITIONS = (
					"DEBUG=1",
					"$(inherited)",
				);
				INFOPLIST_FILE = "MoneyLaunderingTests/MoneyLaunderingTests-Info.plist";
				PRODUCT_NAME = "$(TARGET_NAME)";
				TEST_HOST = "$(BUNDLE_LOADER)";
				WRAPPER_EXTENSION = xctest;
			};
			name = Debug;
		};
		AF215439189441DF005C41D3 /* Release */ = {
			isa = XCBuildConfiguration;
			buildSettings = {
				ARCHS = "$(ARCHS_STANDARD_INCLUDING_64_BIT)";
				BUNDLE_LOADER = "$(BUILT_PRODUCTS_DIR)/MoneyLaundering.app/MoneyLaundering";
				FRAMEWORK_SEARCH_PATHS = (
					"$(SDKROOT)/Developer/Library/Frameworks",
					"$(inherited)",
					"$(DEVELOPER_FRAMEWORKS_DIR)",
				);
				GCC_PRECOMPILE_PREFIX_HEADER = YES;
				GCC_PREFIX_HEADER = "MoneyLaundering/MoneyLaundering-Prefix.pch";
				INFOPLIST_FILE = "MoneyLaunderingTests/MoneyLaunderingTests-Info.plist";
				PRODUCT_NAME = "$(TARGET_NAME)";
				TEST_HOST = "$(BUNDLE_LOADER)";
				WRAPPER_EXTENSION = xctest;
			};
			name = Release;
		};
/* End XCBuildConfiguration section */

/* Begin XCConfigurationList section */
		AF2153FA189441DD005C41D3 /* Build configuration list for PBXProject "MoneyLaundering" */ = {
			isa = XCConfigurationList;
			buildConfigurations = (
				AF215432189441DF005C41D3 /* Debug */,
				AF215433189441DF005C41D3 /* Release */,
			);
			defaultConfigurationIsVisible = 0;
			defaultConfigurationName = Release;
		};
		AF215434189441DF005C41D3 /* Build configuration list for PBXNativeTarget "MoneyLaundering" */ = {
			isa = XCConfigurationList;
			buildConfigurations = (
				AF215435189441DF005C41D3 /* Debug */,
				AF215436189441DF005C41D3 /* Release */,
			);
			defaultConfigurationIsVisible = 0;
			defaultConfigurationName = Release;
		};
		AF215437189441DF005C41D3 /* Build configuration list for PBXNativeTarget "MoneyLaunderingTests" */ = {
			isa = XCConfigurationList;
			buildConfigurations = (
				AF215438189441DF005C41D3 /* Debug */,
				AF215439189441DF005C41D3 /* Release */,
			);
			defaultConfigurationIsVisible = 0;
			defaultConfigurationName = Release;
		};
/* End XCConfigurationList section */
	};
	rootObject = AF2153F7189441DD005C41D3 /* Project object */;
}
